
Microsoft Visual Studio Solution File, Format Version 12.00
# Visual Studio 15
VisualStudioVersion = 15.0.27004.2005
MinimumVisualStudioVersion = 10.0.40219.1
Project("{FAE04EC0-301F-11D3-BF4B-00C04F79EFBC}") = "Matador", "Matador\Matador.csproj", "{D4E4976A-9190-486C-8F03-CA714BA76D6C}"
EndProject
Global
	GlobalSection(SolutionConfigurationPlatforms) = preSolution
		Debug|Any CPU = Debug|Any CPU
		Release|Any CPU = Release|Any CPU
	EndGlobalSection
	GlobalSection(ProjectConfigurationPlatforms) = postSolution
		{D4E4976A-9190-486C-8F03-CA714BA76D6C}.Debug|Any CPU.ActiveCfg = Debug|Any CPU
		{D4E4976A-9190-486C-8F03-CA714BA76D6C}.Debug|Any CPU.Build.0 = Debug|Any CPU
		{D4E4976A-9190-486C-8F03-CA714BA76D6C}.Release|Any CPU.ActiveCfg = Release|Any CPU
		{D4E4976A-9190-486C-8F03-CA714BA76D6C}.Release|Any CPU.Build.0 = Release|Any CPU
	EndGlobalSection
	GlobalSection(SolutionProperties) = preSolution
		HideSolutionNode = FALSE
	EndGlobalSection
	GlobalSection(ExtensibilityGlobals) = postSolution
		SolutionGuid = {3D48EE82-85F5-4BCE-8CE5-7506A10C9D18}
	EndGlobalSection
EndGlobal
